PODS:
  - EasyStash (1.0.0)
  - JWTDecode (2.4.0)
  - RATreeView (2.1.2)

DEPENDENCIES:
  - EasyStash
  - JWTDecode
  - RATreeView

SPEC REPOS:
  https://github.com/cocoapods/specs.git:
    - EasyStash
    - JWTDecode
    - RATreeView

SPEC CHECKSUMS:
  EasyStash: f42c709eaaa0cd83167163998b0746b4defb0015
  JWTDecode: 0930fb517c27bac2daef7cabc13577b18fdee0da
  RATreeView: 380cde0090cfde21dc6ac29137f49d3b768fdd28

PODFILE CHECKSUM: 8479e0e9e526678a7dc3d63d3421953093632841

COCOAPODS: 1.5.2
