PODS:
  - EasyStash (1.0.0)
  - JWTDecode (2.4.0)

DEPENDENCIES:
  - EasyStash
  - JWTDecode

SPEC REPOS:
  https://github.com/cocoapods/specs.git:
    - EasyStash
    - JWTDecode

SPEC CHECKSUMS:
  EasyStash: f42c709eaaa0cd83167163998b0746b4defb0015
  JWTDecode: 0930fb517c27bac2daef7cabc13577b18fdee0da

PODFILE CHECKSUM: d55a8ba3e700c51792eccc3fef799a8ec5d7e63c

COCOAPODS: 1.5.2
